
Microsoft Visual Studio Solution File, Format Version 12.00
# Visual Studio Version 17
VisualStudioVersion = 17.6.33829.357
MinimumVisualStudioVersion = 10.0.40219.1
Project("{9A19103F-16F7-4668-BE54-9A1E7A4F7556}") = "API.Routing", "API.Routing\API.Routing.csproj", "{50CADDF2-08EA-4E39-89E4-FF2FD6A87872}"
EndProject
Project("{2150E333-8FDC-42A3-9474-1A3956D46DE8}") = "Solution Items", "Solution Items", "{B9EAE720-00B6-4BA8-BC15-2C56A994B61C}"
	ProjectSection(SolutionItems) = preProject
		LICENSE = LICENSE
		README.md = README.md
	EndProjectSection
EndProject
Project("{9A19103F-16F7-4668-BE54-9A1E7A4F7556}") = "Routing.Console", "Routing.Console\Routing.Console.csproj", "{AF5442CE-8F19-45D7-9A40-F2050CB6FDB3}"
EndProject
Global
	GlobalSection(SolutionConfigurationPlatforms) = preSolution
		Debug|Any CPU = Debug|Any CPU
		Release|Any CPU = Release|Any CPU
	EndGlobalSection
	GlobalSection(ProjectConfigurationPlatforms) = postSolution
		{50CADDF2-08EA-4E39-89E4-FF2FD6A87872}.Debug|Any CPU.ActiveCfg = Debug|Any CPU
		{50CADDF2-08EA-4E39-89E4-FF2FD6A87872}.Debug|Any CPU.Build.0 = Debug|Any CPU
		{50CADDF2-08EA-4E39-89E4-FF2FD6A87872}.Release|Any CPU.ActiveCfg = Release|Any CPU
		{50CADDF2-08EA-4E39-89E4-FF2FD6A87872}.Release|Any CPU.Build.0 = Release|Any CPU
		{AF5442CE-8F19-45D7-9A40-F2050CB6FDB3}.Debug|Any CPU.ActiveCfg = Debug|Any CPU
		{AF5442CE-8F19-45D7-9A40-F2050CB6FDB3}.Debug|Any CPU.Build.0 = Debug|Any CPU
		{AF5442CE-8F19-45D7-9A40-F2050CB6FDB3}.Release|Any CPU.ActiveCfg = Release|Any CPU
		{AF5442CE-8F19-45D7-9A40-F2050CB6FDB3}.Release|Any CPU.Build.0 = Release|Any CPU
	EndGlobalSection
	GlobalSection(SolutionProperties) = preSolution
		HideSolutionNode = FALSE
	EndGlobalSection
	GlobalSection(ExtensibilityGlobals) = postSolution
		SolutionGuid = {934E38B9-A2CD-40D9-AFAC-2A23AD2D8381}
	EndGlobalSection
EndGlobal
